// !$*UTF8*$!
{
	archiveVersion = 1;
	classes = {
	};
	objectVersion = 50;
	objects = {

/* Begin PBXBuildFile section */
		4213B5186FF3C570B5749643 /* Pods_Text_Trade.framework in Frameworks */ = {isa = PBXBuildFile; fileRef = 2797799DE21FCC0C7701CD28 /* Pods_Text_Trade.framework */; };
		CE10D37C2415632A00A653AE /* AppDelegate.swift in Sources */ = {isa = PBXBuildFile; fileRef = CE10D37B2415632A00A653AE /* AppDelegate.swift */; };
		CE10D37E2415632A00A653AE /* SceneDelegate.swift in Sources */ = {isa = PBXBuildFile; fileRef = CE10D37D2415632A00A653AE /* SceneDelegate.swift */; };
		CE10D3802415632A00A653AE /* ViewController.swift in Sources */ = {isa = PBXBuildFile; fileRef = CE10D37F2415632A00A653AE /* ViewController.swift */; };
		CE10D3832415632A00A653AE /* Main.storyboard in Resources */ = {isa = PBXBuildFile; fileRef = CE10D3812415632A00A653AE /* Main.storyboard */; };
		CE10D3852415632D00A653AE /* Assets.xcassets in Resources */ = {isa = PBXBuildFile; fileRef = CE10D3842415632D00A653AE /* Assets.xcassets */; };
		CE10D3882415632D00A653AE /* LaunchScreen.storyboard in Resources */ = {isa = PBXBuildFile; fileRef = CE10D3862415632D00A653AE /* LaunchScreen.storyboard */; };
		CE10D3902415B64400A653AE /* GoogleService-Info.plist in Resources */ = {isa = PBXBuildFile; fileRef = CE10D38F2415B64400A653AE /* GoogleService-Info.plist */; };
/* End PBXBuildFile section */

/* Begin PBXFileReference section */
		2797799DE21FCC0C7701CD28 /* Pods_Text_Trade.framework */ = {isa = PBXFileReference; explicitFileType = wrapper.framework; includeInIndex = 0; path = Pods_Text_Trade.framework; sourceTree = BUILT_PRODUCTS_DIR; };
		8619F6557A1F295B763125FD /* Pods-Text-Trade.debug.xcconfig */ = {isa = PBXFileReference; includeInIndex = 1; lastKnownFileType = text.xcconfig; name = "Pods-Text-Trade.debug.xcconfig"; path = "Target Support Files/Pods-Text-Trade/Pods-Text-Trade.debug.xcconfig"; sourceTree = "<group>"; };
		A579E68767D2DCADDB258234 /* Pods-Text-Trade.release.xcconfig */ = {isa = PBXFileReference; includeInIndex = 1; lastKnownFileType = text.xcconfig; name = "Pods-Text-Trade.release.xcconfig"; path = "Target Support Files/Pods-Text-Trade/Pods-Text-Trade.release.xcconfig"; sourceTree = "<group>"; };
		CE10D3782415632A00A653AE /* Text-Trade.app */ = {isa = PBXFileReference; explicitFileType = wrapper.application; includeInIndex = 0; path = "Text-Trade.app"; sourceTree = BUILT_PRODUCTS_DIR; };
		CE10D37B2415632A00A653AE /* AppDelegate.swift */ = {isa = PBXFileReference; lastKnownFileType = sourcecode.swift; path = AppDelegate.swift; sourceTree = "<group>"; };
		CE10D37D2415632A00A653AE /* SceneDelegate.swift */ = {isa = PBXFileReference; lastKnownFileType = sourcecode.swift; path = SceneDelegate.swift; sourceTree = "<group>"; };
		CE10D37F2415632A00A653AE /* ViewController.swift */ = {isa = PBXFileReference; lastKnownFileType = sourcecode.swift; path = ViewController.swift; sourceTree = "<group>"; };
		CE10D3822415632A00A653AE /* Base */ = {isa = PBXFileReference; lastKnownFileType = file.storyboard; name = Base; path = Base.lproj/Main.storyboard; sourceTree = "<group>"; };
		CE10D3842415632D00A653AE /* Assets.xcassets */ = {isa = PBXFileReference; lastKnownFileType = folder.assetcatalog; path = Assets.xcassets; sourceTree = "<group>"; };
		CE10D3872415632D00A653AE /* Base */ = {isa = PBXFileReference; lastKnownFileType = file.storyboard; name = Base; path = Base.lproj/LaunchScreen.storyboard; sourceTree = "<group>"; };
		CE10D3892415632D00A653AE /* Info.plist */ = {isa = PBXFileReference; lastKnownFileType = text.plist.xml; path = Info.plist; sourceTree = "<group>"; };
		CE10D38F2415B64400A653AE /* GoogleService-Info.plist */ = {isa = PBXFileReference; fileEncoding = 4; lastKnownFileType = text.plist.xml; path = "GoogleService-Info.plist"; sourceTree = "<group>"; };
/* End PBXFileReference section */

/* Begin PBXFrameworksBuildPhase section */
		CE10D3752415632A00A653AE /* Frameworks */ = {
			isa = PBXFrameworksBuildPhase;
			buildActionMask = 2147483647;
			files = (
				4213B5186FF3C570B5749643 /* Pods_Text_Trade.framework in Frameworks */,
			);
			runOnlyForDeploymentPostprocessing = 0;
		};
/* End PBXFrameworksBuildPhase section */

/* Begin PBXGroup section */
		A6981B2D15156D3085B23D40 /* Frameworks */ = {
			isa = PBXGroup;
			children = (
				2797799DE21FCC0C7701CD28 /* Pods_Text_Trade.framework */,
			);
			name = Frameworks;
			sourceTree = "<group>";
		};
		CE10D36F2415632A00A653AE = {
			isa = PBXGroup;
			children = (
				CE10D37A2415632A00A653AE /* Text-Trade */,
				CE10D3792415632A00A653AE /* Products */,
				E8779FE702038F31193EF694 /* Pods */,
				A6981B2D15156D3085B23D40 /* Frameworks */,
			);
			sourceTree = "<group>";
		};
		CE10D3792415632A00A653AE /* Products */ = {
			isa = PBXGroup;
			children = (
				CE10D3782415632A00A653AE /* Text-Trade.app */,
			);
			name = Products;
			sourceTree = "<group>";
		};
		CE10D37A2415632A00A653AE /* Text-Trade */ = {
			isa = PBXGroup;
			children = (
				CE10D37B2415632A00A653AE /* AppDelegate.swift */,
				CE10D37D2415632A00A653AE /* SceneDelegate.swift */,
				CE10D37F2415632A00A653AE /* ViewController.swift */,
				CE10D3812415632A00A653AE /* Main.storyboard */,
				CE10D3842415632D00A653AE /* Assets.xcassets */,
				CE10D3862415632D00A653AE /* LaunchScreen.storyboard */,
				CE10D3892415632D00A653AE /* Info.plist */,
				CE10D38F2415B64400A653AE /* GoogleService-Info.plist */,
			);
			path = "Text-Trade";
			sourceTree = "<group>";
		};
		E8779FE702038F31193EF694 /* Pods */ = {
			isa = PBXGroup;
			children = (
				8619F6557A1F295B763125FD /* Pods-Text-Trade.debug.xcconfig */,
				A579E68767D2DCADDB258234 /* Pods-Text-Trade.release.xcconfig */,
			);
			name = Pods;
			path = Pods;
			sourceTree = "<group>";
		};
/* End PBXGroup section */

/* Begin PBXNativeTarget section */
		CE10D3772415632A00A653AE /* Text-Trade */ = {
			isa = PBXNativeTarget;
			buildConfigurationList = CE10D38C2415632D00A653AE /* Build configuration list for PBXNativeTarget "Text-Trade" */;
			buildPhases = (
				ABBE709C038A64579BD125C9 /* [CP] Check Pods Manifest.lock */,
				CE10D3742415632A00A653AE /* Sources */,
				CE10D3752415632A00A653AE /* Frameworks */,
				CE10D3762415632A00A653AE /* Resources */,
				85493E68A4DA73524EA87E3D /* [CP] Embed Pods Frameworks */,
			);
			buildRules = (
			);
			dependencies = (
			);
			name = "Text-Trade";
			productName = "Text-Trade";
			productReference = CE10D3782415632A00A653AE /* Text-Trade.app */;
			productType = "com.apple.product-type.application";
		};
/* End PBXNativeTarget section */

/* Begin PBXProject section */
		CE10D3702415632A00A653AE /* Project object */ = {
			isa = PBXProject;
			attributes = {
				LastSwiftUpdateCheck = 1130;
				LastUpgradeCheck = 1130;
				ORGANIZATIONNAME = "Chris Rehagen";
				TargetAttributes = {
					CE10D3772415632A00A653AE = {
						CreatedOnToolsVersion = 11.3.1;
					};
				};
			};
			buildConfigurationList = CE10D3732415632A00A653AE /* Build configuration list for PBXProject "Text-Trade" */;
			compatibilityVersion = "Xcode 9.3";
			developmentRegion = en;
			hasScannedForEncodings = 0;
			knownRegions = (
				en,
				Base,
			);
			mainGroup = CE10D36F2415632A00A653AE;
			productRefGroup = CE10D3792415632A00A653AE /* Products */;
			projectDirPath = "";
			projectRoot = "";
			targets = (
				CE10D3772415632A00A653AE /* Text-Trade */,
			);
		};
/* End PBXProject section */

/* Begin PBXResourcesBuildPhase section */
		CE10D3762415632A00A653AE /* Resources */ = {
			isa = PBXResourcesBuildPhase;
			buildActionMask = 2147483647;
			files = (
				CE10D3902415B64400A653AE /* GoogleService-Info.plist in Resources */,
				CE10D3882415632D00A653AE /* LaunchScreen.storyboard in Resources */,
				CE10D3852415632D00A653AE /* Assets.xcassets in Resources */,
				CE10D3832415632A00A653AE /* Main.storyboard in Resources */,
			);
			runOnlyForDeploymentPostprocessing = 0;
		};
/* End PBXResourcesBuildPhase section */

/* Begin PBXShellScriptBuildPhase section */
		85493E68A4DA73524EA87E3D /* [CP] Embed Pods Frameworks */ = {
			isa = PBXShellScriptBuildPhase;
			buildActionMask = 2147483647;
			files = (
			);
			inputFileListPaths = (
				"${PODS_ROOT}/Target Support Files/Pods-Text-Trade/Pods-Text-Trade-frameworks-${CONFIGURATION}-input-files.xcfilelist",
			);
			name = "[CP] Embed Pods Frameworks";
			outputFileListPaths = (
				"${PODS_ROOT}/Target Support Files/Pods-Text-Trade/Pods-Text-Trade-frameworks-${CONFIGURATION}-output-files.xcfilelist",
			);
			runOnlyForDeploymentPostprocessing = 0;
			shellPath = /bin/sh;
			shellScript = "\"${PODS_ROOT}/Target Support Files/Pods-Text-Trade/Pods-Text-Trade-frameworks.sh\"\n";
			showEnvVarsInLog = 0;
		};
		ABBE709C038A64579BD125C9 /* [CP] Check Pods Manifest.lock */ = {
			isa = PBXShellScriptBuildPhase;
			buildActionMask = 2147483647;
			files = (
			);
			inputFileListPaths = (
			);
			inputPaths = (
				"${PODS_PODFILE_DIR_PATH}/Podfile.lock",
				"${PODS_ROOT}/Manifest.lock",
			);
			name = "[CP] Check Pods Manifest.lock";
			outputFileListPaths = (
			);
			outputPaths = (
				"$(DERIVED_FILE_DIR)/Pods-Text-Trade-checkManifestLockResult.txt",
			);
			runOnlyForDeploymentPostprocessing = 0;
			shellPath = /bin/sh;
			shellScript = "diff \"${PODS_PODFILE_DIR_PATH}/Podfile.lock\" \"${PODS_ROOT}/Manifest.lock\" > /dev/null\nif [ $? != 0 ] ; then\n    # print error to STDERR\n    echo \"error: The sandbox is not in sync with the Podfile.lock. Run 'pod install' or update your CocoaPods installation.\" >&2\n    exit 1\nfi\n# This output is used by Xcode 'outputs' to avoid re-running this script phase.\necho \"SUCCESS\" > \"${SCRIPT_OUTPUT_FILE_0}\"\n";
			showEnvVarsInLog = 0;
		};
/* End PBXShellScriptBuildPhase section */

/* Begin PBXSourcesBuildPhase section */
		CE10D3742415632A00A653AE /* Sources */ = {
			isa = PBXSourcesBuildPhase;
			buildActionMask = 2147483647;
			files = (
				CE10D3802415632A00A653AE /* ViewController.swift in Sources */,
				CE10D37C2415632A00A653AE /* AppDelegate.swift in Sources */,
				CE10D37E2415632A00A653AE /* SceneDelegate.swift in Sources */,
			);
			runOnlyForDeploymentPostprocessing = 0;
		};
/* End PBXSourcesBuildPhase section */

/* Begin PBXVariantGroup section */
		CE10D3812415632A00A653AE /* Main.storyboard */ = {
			isa = PBXVariantGroup;
			children = (
				CE10D3822415632A00A653AE /* Base */,
			);
			name = Main.storyboard;
			sourceTree = "<group>";
		};
		CE10D3862415632D00A653AE /* LaunchScreen.storyboard */ = {
			isa = PBXVariantGroup;
			children = (
				CE10D3872415632D00A653AE /* Base */,
			);
			name = LaunchScreen.storyboard;
			sourceTree = "<group>";
		};
/* End PBXVariantGroup section */

/* Begin XCBuildConfiguration section */
		CE10D38A2415632D00A653AE /* Debug */ = {
			isa = XCBuildConfiguration;
			buildSettings = {
				ALWAYS_SEARCH_USER_PATHS = NO;
				CLANG_ANALYZER_NONNULL = YES;
				CLANG_ANALYZER_NUMBER_OBJECT_CONVERSION = YES_AGGRESSIVE;
				CLANG_CXX_LANGUAGE_STANDARD = "gnu++14";
				CLANG_CXX_LIBRARY = "libc++";
				CLANG_ENABLE_MODULES = YES;
				CLANG_ENABLE_OBJC_ARC = YES;
				CLANG_ENABLE_OBJC_WEAK = YES;
				CLANG_WARN_BLOCK_CAPTURE_AUTORELEASING = YES;
				CLANG_WARN_BOOL_CONVERSION = YES;
				CLANG_WARN_COMMA = YES;
				CLANG_WARN_CONSTANT_CONVERSION = YES;
				CLANG_WARN_DEPRECATED_OBJC_IMPLEMENTATIONS = YES;
				CLANG_WARN_DIRECT_OBJC_ISA_USAGE = YES_ERROR;
				CLANG_WARN_DOCUMENTATION_COMMENTS = YES;
				CLANG_WARN_EMPTY_BODY = YES;
				CLANG_WARN_ENUM_CONVERSION = YES;
				CLANG_WARN_INFINITE_RECURSION = YES;
				CLANG_WARN_INT_CONVERSION = YES;
				CLANG_WARN_NON_LITERAL_NULL_CONVERSION = YES;
				CLANG_WARN_OBJC_IMPLICIT_RETAIN_SELF = YES;
				CLANG_WARN_OBJC_LITERAL_CONVERSION = YES;
				CLANG_WARN_OBJC_ROOT_CLASS = YES_ERROR;
				CLANG_WARN_RANGE_LOOP_ANALYSIS = YES;
				CLANG_WARN_STRICT_PROTOTYPES = YES;
				CLANG_WARN_SUSPICIOUS_MOVE = YES;
				CLANG_WARN_UNGUARDED_AVAILABILITY = YES_AGGRESSIVE;
				CLANG_WARN_UNREACHABLE_CODE = YES;
				CLANG_WARN__DUPLICATE_METHOD_MATCH = YES;
				COPY_PHASE_STRIP = NO;
				DEBUG_INFORMATION_FORMAT = dwarf;
				ENABLE_STRICT_OBJC_MSGSEND = YES;
				ENABLE_TESTABILITY = YES;
				GCC_C_LANGUAGE_STANDARD = gnu11;
				GCC_DYNAMIC_NO_PIC = NO;
				GCC_NO_COMMON_BLOCKS = YES;
				GCC_OPTIMIZATION_LEVEL = 0;
				GCC_PREPROCESSOR_DEFINITIONS = (
					"DEBUG=1",
					"$(inherited)",
				);
				GCC_WARN_64_TO_32_BIT_CONVERSION = YES;
				GCC_WARN_ABOUT_RETURN_TYPE = YES_ERROR;
				GCC_WARN_UNDECLARED_SELECTOR = YES;
				GCC_WARN_UNINITIALIZED_AUTOS = YES_AGGRESSIVE;
				GCC_WARN_UNUSED_FUNCTION = YES;
				GCC_WARN_UNUSED_VARIABLE = YES;
				IPHONEOS_DEPLOYMENT_TARGET = 13.2;
				MTL_ENABLE_DEBUG_INFO = INCLUDE_SOURCE;
				MTL_FAST_MATH = YES;
				ONLY_ACTIVE_ARCH = YES;
				SDKROOT = iphoneos;
				SWIFT_ACTIVE_COMPILATION_CONDITIONS = DEBUG;
				SWIFT_OPTIMIZATION_LEVEL = "-Onone";
			};
			name = Debug;
		};
		CE10D38B2415632D00A653AE /* Release */ = {
			isa = XCBuildConfiguration;
			buildSettings = {
				ALWAYS_SEARCH_USER_PATHS = NO;
				CLANG_ANALYZER_NONNULL = YES;
				CLANG_ANALYZER_NUMBER_OBJECT_CONVERSION = YES_AGGRESSIVE;
				CLANG_CXX_LANGUAGE_STANDARD = "gnu++14";
				CLANG_CXX_LIBRARY = "libc++";
				CLANG_ENABLE_MODULES = YES;
				CLANG_ENABLE_OBJC_ARC = YES;
				CLANG_ENABLE_OBJC_WEAK = YES;
				CLANG_WARN_BLOCK_CAPTURE_AUTORELEASING = YES;
				CLANG_WARN_BOOL_CONVERSION = YES;
				CLANG_WARN_COMMA = YES;
				CLANG_WARN_CONSTANT_CONVERSION = YES;
				CLANG_WARN_DEPRECATED_OBJC_IMPLEMENTATIONS = YES;
				CLANG_WARN_DIRECT_OBJC_ISA_USAGE = YES_ERROR;
				CLANG_WARN_DOCUMENTATION_COMMENTS = YES;
				CLANG_WARN_EMPTY_BODY = YES;
				CLANG_WARN_ENUM_CONVERSION = YES;
				CLANG_WARN_INFINITE_RECURSION = YES;
				CLANG_WARN_INT_CONVERSION = YES;
				CLANG_WARN_NON_LITERAL_NULL_CONVERSION = YES;
				CLANG_WARN_OBJC_IMPLICIT_RETAIN_SELF = YES;
				CLANG_WARN_OBJC_LITERAL_CONVERSION = YES;
				CLANG_WARN_OBJC_ROOT_CLASS = YES_ERROR;
				CLANG_WARN_RANGE_LOOP_ANALYSIS = YES;
				CLANG_WARN_STRICT_PROTOTYPES = YES;
				CLANG_WARN_SUSPICIOUS_MOVE = YES;
				CLANG_WARN_UNGUARDED_AVAILABILITY = YES_AGGRESSIVE;
				CLANG_WARN_UNREACHABLE_CODE = YES;
				CLANG_WARN__DUPLICATE_METHOD_MATCH = YES;
				COPY_PHASE_STRIP = NO;
				DEBUG_INFORMATION_FORMAT = "dwarf-with-dsym";
				ENABLE_NS_ASSERTIONS = NO;
				ENABLE_STRICT_OBJC_MSGSEND = YES;
				GCC_C_LANGUAGE_STANDARD = gnu11;
				GCC_NO_COMMON_BLOCKS = YES;
				GCC_WARN_64_TO_32_BIT_CONVERSION = YES;
				GCC_WARN_ABOUT_RETURN_TYPE = YES_ERROR;
				GCC_WARN_UNDECLARED_SELECTOR = YES;
				GCC_WARN_UNINITIALIZED_AUTOS = YES_AGGRESSIVE;
				GCC_WARN_UNUSED_FUNCTION = YES;
				GCC_WARN_UNUSED_VARIABLE = YES;
				IPHONEOS_DEPLOYMENT_TARGET = 13.2;
				MTL_ENABLE_DEBUG_INFO = NO;
				MTL_FAST_MATH = YES;
				SDKROOT = iphoneos;
				SWIFT_COMPILATION_MODE = wholemodule;
				SWIFT_OPTIMIZATION_LEVEL = "-O";
				VALIDATE_PRODUCT = YES;
			};
			name = Release;
		};
		CE10D38D2415632D00A653AE /* Debug */ = {
			isa = XCBuildConfiguration;
			baseConfigurationReference = 8619F6557A1F295B763125FD /* Pods-Text-Trade.debug.xcconfig */;
			buildSettings = {
				ASSETCATALOG_COMPILER_APPICON_NAME = AppIcon;
				CODE_SIGN_STYLE = Automatic;
				DEVELOPMENT_TEAM = V7XRP8G6Q3;
				INFOPLIST_FILE = "Text-Trade/Info.plist";
				LD_RUNPATH_SEARCH_PATHS = (
					"$(inherited)",
					"@executable_path/Frameworks",
				);
				PRODUCT_BUNDLE_IDENTIFIER = "com.chrisrehagen.Text-Trade";
				PRODUCT_NAME = "$(TARGET_NAME)";
				SWIFT_VERSION = 5.0;
				TARGETED_DEVICE_FAMILY = "1,2";
			};
			name = Debug;
		};
		CE10D38E2415632D00A653AE /* Release */ = {
			isa = XCBuildConfiguration;
			baseConfigurationReference = A579E68767D2DCADDB258234 /* Pods-Text-Trade.release.xcconfig */;
			buildSettings = {
				ASSETCATALOG_COMPILER_APPICON_NAME = AppIcon;
				CODE_SIGN_STYLE = Automatic;
				DEVELOPMENT_TEAM = V7XRP8G6Q3;
				INFOPLIST_FILE = "Text-Trade/Info.plist";
				LD_RUNPATH_SEARCH_PATHS = (
					"$(inherited)",
					"@executable_path/Frameworks",
				);
				PRODUCT_BUNDLE_IDENTIFIER = "com.chrisrehagen.Text-Trade";
				PRODUCT_NAME = "$(TARGET_NAME)";
				SWIFT_VERSION = 5.0;
				TARGETED_DEVICE_FAMILY = "1,2";
			};
			name = Release;
		};
/* End XCBuildConfiguration section */

/* Begin XCConfigurationList section */
		CE10D3732415632A00A653AE /* Build configuration list for PBXProject "Text-Trade" */ = {
			isa = XCConfigurationList;
			buildConfigurations = (
				CE10D38A2415632D00A653AE /* Debug */,
				CE10D38B2415632D00A653AE /* Release */,
			);
			defaultConfigurationIsVisible = 0;
			defaultConfigurationName = Release;
		};
		CE10D38C2415632D00A653AE /* Build configuration list for PBXNativeTarget "Text-Trade" */ = {
			isa = XCConfigurationList;
			buildConfigurations = (
				CE10D38D2415632D00A653AE /* Debug */,
				CE10D38E2415632D00A653AE /* Release */,
			);
			defaultConfigurationIsVisible = 0;
			defaultConfigurationName = Release;
		};
/* End XCConfigurationList section */
	};
	rootObject = CE10D3702415632A00A653AE /* Project object */;
}
